# This file is autogenerated, do not edit; changes may be undone by the next 'dep ensure'.


[[projects]]
  branch = "master"
  name = "github.com/streadway/amqp"
  packages = ["."]
  revision = "e5adc2ada8b8efff032bf61173a233d143e9318e"

[[projects]]
  name = "github.com/tkanos/gonfig.git"
  packages = ["."]
  revision = "e83209aed2d171bab5ffb312a1e630110481cb99"
  version = "1.0"

[solve-meta]
  analyzer-name = "dep"
  analyzer-version = 1
  inputs-digest = "20ece096eecdda9b5e0a46bda04f5fb4bf18f49ad820957d144d5dcde014e15c"
  solver-name = "gps-cdcl"
  solver-version = 1
